// !$*UTF8*$!
{
	archiveVersion = 1;
	classes = {
	};
	objectVersion = 56;
	objects = {

/* Begin PBXBuildFile section */
		61FD64E42C99C0C7007444EC /* AppDelegate.swift in Sources */ = {isa = PBXBuildFile; fileRef = 61FD64E32C99C0C7007444EC /* AppDelegate.swift */; };
		61FD64E62C99C0C7007444EC /* SceneDelegate.swift in Sources */ = {isa = PBXBuildFile; fileRef = 61FD64E52C99C0C7007444EC /* SceneDelegate.swift */; };
		61FD64E82C99C0C7007444EC /* ViewController.swift in Sources */ = {isa = PBXBuildFile; fileRef = 61FD64E72C99C0C7007444EC /* ViewController.swift */; };
		61FD64EB2C99C0C7007444EC /* Base in Resources */ = {isa = PBXBuildFile; fileRef = 61FD64EA2C99C0C7007444EC /* Base */; };
		61FD64EE2C99C0C7007444EC /* RetainCycle.xcdatamodeld in Sources */ = {isa = PBXBuildFile; fileRef = 61FD64EC2C99C0C7007444EC /* RetainCycle.xcdatamodeld */; };
		61FD64F02C99C0C9007444EC /* Assets.xcassets in Resources */ = {isa = PBXBuildFile; fileRef = 61FD64EF2C99C0C9007444EC /* Assets.xcassets */; };
		61FD64F32C99C0C9007444EC /* Base in Resources */ = {isa = PBXBuildFile; fileRef = 61FD64F22C99C0C9007444EC /* Base */; };
		61FD64FB2C99C15A007444EC /* Instructor.swift in Sources */ = {isa = PBXBuildFile; fileRef = 61FD64FA2C99C15A007444EC /* Instructor.swift */; };
		61FD64FD2C99C3A9007444EC /* WeakInstructor.swift in Sources */ = {isa = PBXBuildFile; fileRef = 61FD64FC2C99C3A9007444EC /* WeakInstructor.swift */; };
		61FD64FF2C99C539007444EC /* WeakSelfExample.swift in Sources */ = {isa = PBXBuildFile; fileRef = 61FD64FE2C99C539007444EC /* WeakSelfExample.swift */; };
/* End PBXBuildFile section */

/* Begin PBXFileReference section */
		61FD64E02C99C0C7007444EC /* RetainCycle.app */ = {isa = PBXFileReference; explicitFileType = wrapper.application; includeInIndex = 0; path = RetainCycle.app; sourceTree = BUILT_PRODUCTS_DIR; };
		61FD64E32C99C0C7007444EC /* AppDelegate.swift */ = {isa = PBXFileReference; lastKnownFileType = sourcecode.swift; path = AppDelegate.swift; sourceTree = "<group>"; };
		61FD64E52C99C0C7007444EC /* SceneDelegate.swift */ = {isa = PBXFileReference; lastKnownFileType = sourcecode.swift; path = SceneDelegate.swift; sourceTree = "<group>"; };
		61FD64E72C99C0C7007444EC /* ViewController.swift */ = {isa = PBXFileReference; lastKnownFileType = sourcecode.swift; path = ViewController.swift; sourceTree = "<group>"; };
		61FD64EA2C99C0C7007444EC /* Base */ = {isa = PBXFileReference; lastKnownFileType = file.storyboard; name = Base; path = Base.lproj/Main.storyboard; sourceTree = "<group>"; };
		61FD64ED2C99C0C7007444EC /* RetainCycle.xcdatamodel */ = {isa = PBXFileReference; lastKnownFileType = wrapper.xcdatamodel; path = RetainCycle.xcdatamodel; sourceTree = "<group>"; };
		61FD64EF2C99C0C9007444EC /* Assets.xcassets */ = {isa = PBXFileReference; lastKnownFileType = folder.assetcatalog; path = Assets.xcassets; sourceTree = "<group>"; };
		61FD64F22C99C0C9007444EC /* Base */ = {isa = PBXFileReference; lastKnownFileType = file.storyboard; name = Base; path = Base.lproj/LaunchScreen.storyboard; sourceTree = "<group>"; };
		61FD64F42C99C0C9007444EC /* Info.plist */ = {isa = PBXFileReference; lastKnownFileType = text.plist.xml; path = Info.plist; sourceTree = "<group>"; };
		61FD64FA2C99C15A007444EC /* Instructor.swift */ = {isa = PBXFileReference; lastKnownFileType = sourcecode.swift; path = Instructor.swift; sourceTree = "<group>"; };
		61FD64FC2C99C3A9007444EC /* WeakInstructor.swift */ = {isa = PBXFileReference; lastKnownFileType = sourcecode.swift; path = WeakInstructor.swift; sourceTree = "<group>"; };
		61FD64FE2C99C539007444EC /* WeakSelfExample.swift */ = {isa = PBXFileReference; lastKnownFileType = sourcecode.swift; path = WeakSelfExample.swift; sourceTree = "<group>"; };
/* End PBXFileReference section */

/* Begin PBXFrameworksBuildPhase section */
		61FD64DD2C99C0C7007444EC /* Frameworks */ = {
			isa = PBXFrameworksBuildPhase;
			buildActionMask = 2147483647;
			files = (
			);
			runOnlyForDeploymentPostprocessing = 0;
		};
/* End PBXFrameworksBuildPhase section */

/* Begin PBXGroup section */
		61FD64D72C99C0C7007444EC = {
			isa = PBXGroup;
			children = (
				61FD64E22C99C0C7007444EC /* RetainCycle */,
				61FD64E12C99C0C7007444EC /* Products */,
			);
			sourceTree = "<group>";
		};
		61FD64E12C99C0C7007444EC /* Products */ = {
			isa = PBXGroup;
			children = (
				61FD64E02C99C0C7007444EC /* RetainCycle.app */,
			);
			name = Products;
			sourceTree = "<group>";
		};
		61FD64E22C99C0C7007444EC /* RetainCycle */ = {
			isa = PBXGroup;
			children = (
				61FD64E32C99C0C7007444EC /* AppDelegate.swift */,
				61FD64E52C99C0C7007444EC /* SceneDelegate.swift */,
				61FD64E72C99C0C7007444EC /* ViewController.swift */,
				61FD64FC2C99C3A9007444EC /* WeakInstructor.swift */,
				61FD64FE2C99C539007444EC /* WeakSelfExample.swift */,
				61FD64FA2C99C15A007444EC /* Instructor.swift */,
				61FD64E92C99C0C7007444EC /* Main.storyboard */,
				61FD64EF2C99C0C9007444EC /* Assets.xcassets */,
				61FD64F12C99C0C9007444EC /* LaunchScreen.storyboard */,
				61FD64F42C99C0C9007444EC /* Info.plist */,
				61FD64EC2C99C0C7007444EC /* RetainCycle.xcdatamodeld */,
			);
			path = RetainCycle;
			sourceTree = "<group>";
		};
/* End PBXGroup section */

/* Begin PBXNativeTarget section */
		61FD64DF2C99C0C7007444EC /* RetainCycle */ = {
			isa = PBXNativeTarget;
			buildConfigurationList = 61FD64F72C99C0C9007444EC /* Build configuration list for PBXNativeTarget "RetainCycle" */;
			buildPhases = (
				61FD64DC2C99C0C7007444EC /* Sources */,
				61FD64DD2C99C0C7007444EC /* Frameworks */,
				61FD64DE2C99C0C7007444EC /* Resources */,
			);
			buildRules = (
			);
			dependencies = (
			);
			name = RetainCycle;
			productName = RetainCycle;
			productReference = 61FD64E02C99C0C7007444EC /* RetainCycle.app */;
			productType = "com.apple.product-type.application";
		};
/* End PBXNativeTarget section */

/* Begin PBXProject section */
		61FD64D82C99C0C7007444EC /* Project object */ = {
			isa = PBXProject;
			attributes = {
				BuildIndependentTargetsInParallel = 1;
				LastSwiftUpdateCheck = 1540;
				LastUpgradeCheck = 1540;
				TargetAttributes = {
					61FD64DF2C99C0C7007444EC = {
						CreatedOnToolsVersion = 15.4;
					};
				};
			};
			buildConfigurationList = 61FD64DB2C99C0C7007444EC /* Build configuration list for PBXProject "RetainCycle" */;
			compatibilityVersion = "Xcode 14.0";
			developmentRegion = en;
			hasScannedForEncodings = 0;
			knownRegions = (
				en,
				Base,
			);
			mainGroup = 61FD64D72C99C0C7007444EC;
			productRefGroup = 61FD64E12C99C0C7007444EC /* Products */;
			projectDirPath = "";
			projectRoot = "";
			targets = (
				61FD64DF2C99C0C7007444EC /* RetainCycle */,
			);
		};
/* End PBXProject section */

/* Begin PBXResourcesBuildPhase section */
		61FD64DE2C99C0C7007444EC /* Resources */ = {
			isa = PBXResourcesBuildPhase;
			buildActionMask = 2147483647;
			files = (
				61FD64F02C99C0C9007444EC /* Assets.xcassets in Resources */,
				61FD64F32C99C0C9007444EC /* Base in Resources */,
				61FD64EB2C99C0C7007444EC /* Base in Resources */,
			);
			runOnlyForDeploymentPostprocessing = 0;
		};
/* End PBXResourcesBuildPhase section */

/* Begin PBXSourcesBuildPhase section */
		61FD64DC2C99C0C7007444EC /* Sources */ = {
			isa = PBXSourcesBuildPhase;
			buildActionMask = 2147483647;
			files = (
				61FD64FD2C99C3A9007444EC /* WeakInstructor.swift in Sources */,
				61FD64E82C99C0C7007444EC /* ViewController.swift in Sources */,
				61FD64FF2C99C539007444EC /* WeakSelfExample.swift in Sources */,
				61FD64E42C99C0C7007444EC /* AppDelegate.swift in Sources */,
				61FD64E62C99C0C7007444EC /* SceneDelegate.swift in Sources */,
				61FD64FB2C99C15A007444EC /* Instructor.swift in Sources */,
				61FD64EE2C99C0C7007444EC /* RetainCycle.xcdatamodeld in Sources */,
			);
			runOnlyForDeploymentPostprocessing = 0;
		};
/* End PBXSourcesBuildPhase section */

/* Begin PBXVariantGroup section */
		61FD64E92C99C0C7007444EC /* Main.storyboard */ = {
			isa = PBXVariantGroup;
			children = (
				61FD64EA2C99C0C7007444EC /* Base */,
			);
			name = Main.storyboard;
			sourceTree = "<group>";
		};
		61FD64F12C99C0C9007444EC /* LaunchScreen.storyboard */ = {
			isa = PBXVariantGroup;
			children = (
				61FD64F22C99C0C9007444EC /* Base */,
			);
			name = LaunchScreen.storyboard;
			sourceTree = "<group>";
		};
/* End PBXVariantGroup section */

/* Begin XCBuildConfiguration section */
		61FD64F52C99C0C9007444EC /* Debug */ = {
			isa = XCBuildConfiguration;
			buildSettings = {
				ALWAYS_SEARCH_USER_PATHS = NO;
				ASSETCATALOG_COMPILER_GENERATE_SWIFT_ASSET_SYMBOL_EXTENSIONS = YES;
				CLANG_ANALYZER_NONNULL = YES;
				CLANG_ANALYZER_NUMBER_OBJECT_CONVERSION = YES_AGGRESSIVE;
				CLANG_CXX_LANGUAGE_STANDARD = "gnu++20";
				CLANG_ENABLE_MODULES = YES;
				CLANG_ENABLE_OBJC_ARC = YES;
				CLANG_ENABLE_OBJC_WEAK = YES;
				CLANG_WARN_BLOCK_CAPTURE_AUTORELEASING = YES;
				CLANG_WARN_BOOL_CONVERSION = YES;
				CLANG_WARN_COMMA = YES;
				CLANG_WARN_CONSTANT_CONVERSION = YES;
				CLANG_WARN_DEPRECATED_OBJC_IMPLEMENTATIONS = YES;
				CLANG_WARN_DIRECT_OBJC_ISA_USAGE = YES_ERROR;
				CLANG_WARN_DOCUMENTATION_COMMENTS = YES;
				CLANG_WARN_EMPTY_BODY = YES;
				CLANG_WARN_ENUM_CONVERSION = YES;
				CLANG_WARN_INFINITE_RECURSION = YES;
				CLANG_WARN_INT_CONVERSION = YES;
				CLANG_WARN_NON_LITERAL_NULL_CONVERSION = YES;
				CLANG_WARN_OBJC_IMPLICIT_RETAIN_SELF = YES;
				CLANG_WARN_OBJC_LITERAL_CONVERSION = YES;
				CLANG_WARN_OBJC_ROOT_CLASS = YES_ERROR;
				CLANG_WARN_QUOTED_INCLUDE_IN_FRAMEWORK_HEADER = YES;
				CLANG_WARN_RANGE_LOOP_ANALYSIS = YES;
				CLANG_WARN_STRICT_PROTOTYPES = YES;
				CLANG_WARN_SUSPICIOUS_MOVE = YES;
				CLANG_WARN_UNGUARDED_AVAILABILITY = YES_AGGRESSIVE;
				CLANG_WARN_UNREACHABLE_CODE = YES;
				CLANG_WARN__DUPLICATE_METHOD_MATCH = YES;
				COPY_PHASE_STRIP = NO;
				DEBUG_INFORMATION_FORMAT = dwarf;
				ENABLE_STRICT_OBJC_MSGSEND = YES;
				ENABLE_TESTABILITY = YES;
				ENABLE_USER_SCRIPT_SANDBOXING = YES;
				GCC_C_LANGUAGE_STANDARD = gnu17;
				GCC_DYNAMIC_NO_PIC = NO;
				GCC_NO_COMMON_BLOCKS = YES;
				GCC_OPTIMIZATION_LEVEL = 0;
				GCC_PREPROCESSOR_DEFINITIONS = (
					"DEBUG=1",
					"$(inherited)",
				);
				GCC_WARN_64_TO_32_BIT_CONVERSION = YES;
				GCC_WARN_ABOUT_RETURN_TYPE = YES_ERROR;
				GCC_WARN_UNDECLARED_SELECTOR = YES;
				GCC_WARN_UNINITIALIZED_AUTOS = YES_AGGRESSIVE;
				GCC_WARN_UNUSED_FUNCTION = YES;
				GCC_WARN_UNUSED_VARIABLE = YES;
				IPHONEOS_DEPLOYMENT_TARGET = 17.5;
				LOCALIZATION_PREFERS_STRING_CATALOGS = YES;
				MTL_ENABLE_DEBUG_INFO = INCLUDE_SOURCE;
				MTL_FAST_MATH = YES;
				ONLY_ACTIVE_ARCH = YES;
				SDKROOT = iphoneos;
				SWIFT_ACTIVE_COMPILATION_CONDITIONS = "DEBUG $(inherited)";
				SWIFT_OPTIMIZATION_LEVEL = "-Onone";
			};
			name = Debug;
		};
		61FD64F62C99C0C9007444EC /* Release */ = {
			isa = XCBuildConfiguration;
			buildSettings = {
				ALWAYS_SEARCH_USER_PATHS = NO;
				ASSETCATALOG_COMPILER_GENERATE_SWIFT_ASSET_SYMBOL_EXTENSIONS = YES;
				CLANG_ANALYZER_NONNULL = YES;
				CLANG_ANALYZER_NUMBER_OBJECT_CONVERSION = YES_AGGRESSIVE;
				CLANG_CXX_LANGUAGE_STANDARD = "gnu++20";
				CLANG_ENABLE_MODULES = YES;
				CLANG_ENABLE_OBJC_ARC = YES;
				CLANG_ENABLE_OBJC_WEAK = YES;
				CLANG_WARN_BLOCK_CAPTURE_AUTORELEASING = YES;
				CLANG_WARN_BOOL_CONVERSION = YES;
				CLANG_WARN_COMMA = YES;
				CLANG_WARN_CONSTANT_CONVERSION = YES;
				CLANG_WARN_DEPRECATED_OBJC_IMPLEMENTATIONS = YES;
				CLANG_WARN_DIRECT_OBJC_ISA_USAGE = YES_ERROR;
				CLANG_WARN_DOCUMENTATION_COMMENTS = YES;
				CLANG_WARN_EMPTY_BODY = YES;
				CLANG_WARN_ENUM_CONVERSION = YES;
				CLANG_WARN_INFINITE_RECURSION = YES;
				CLANG_WARN_INT_CONVERSION = YES;
				CLANG_WARN_NON_LITERAL_NULL_CONVERSION = YES;
				CLANG_WARN_OBJC_IMPLICIT_RETAIN_SELF = YES;
				CLANG_WARN_OBJC_LITERAL_CONVERSION = YES;
				CLANG_WARN_OBJC_ROOT_CLASS = YES_ERROR;
				CLANG_WARN_QUOTED_INCLUDE_IN_FRAMEWORK_HEADER = YES;
				CLANG_WARN_RANGE_LOOP_ANALYSIS = YES;
				CLANG_WARN_STRICT_PROTOTYPES = YES;
				CLANG_WARN_SUSPICIOUS_MOVE = YES;
				CLANG_WARN_UNGUARDED_AVAILABILITY = YES_AGGRESSIVE;
				CLANG_WARN_UNREACHABLE_CODE = YES;
				CLANG_WARN__DUPLICATE_METHOD_MATCH = YES;
				COPY_PHASE_STRIP = NO;
				DEBUG_INFORMATION_FORMAT = "dwarf-with-dsym";
				ENABLE_NS_ASSERTIONS = NO;
				ENABLE_STRICT_OBJC_MSGSEND = YES;
				ENABLE_USER_SCRIPT_SANDBOXING = YES;
				GCC_C_LANGUAGE_STANDARD = gnu17;
				GCC_NO_COMMON_BLOCKS = YES;
				GCC_WARN_64_TO_32_BIT_CONVERSION = YES;
				GCC_WARN_ABOUT_RETURN_TYPE = YES_ERROR;
				GCC_WARN_UNDECLARED_SELECTOR = YES;
				GCC_WARN_UNINITIALIZED_AUTOS = YES_AGGRESSIVE;
				GCC_WARN_UNUSED_FUNCTION = YES;
				GCC_WARN_UNUSED_VARIABLE = YES;
				IPHONEOS_DEPLOYMENT_TARGET = 17.5;
				LOCALIZATION_PREFERS_STRING_CATALOGS = YES;
				MTL_ENABLE_DEBUG_INFO = NO;
				MTL_FAST_MATH = YES;
				SDKROOT = iphoneos;
				SWIFT_COMPILATION_MODE = wholemodule;
				VALIDATE_PRODUCT = YES;
			};
			name = Release;
		};
		61FD64F82C99C0C9007444EC /* Debug */ = {
			isa = XCBuildConfiguration;
			buildSettings = {
				ASSETCATALOG_COMPILER_APPICON_NAME = AppIcon;
				ASSETCATALOG_COMPILER_GLOBAL_ACCENT_COLOR_NAME = AccentColor;
				CODE_SIGN_STYLE = Automatic;
				CURRENT_PROJECT_VERSION = 1;
				DEVELOPMENT_TEAM = AAAFNRNQ43;
				GENERATE_INFOPLIST_FILE = YES;
				INFOPLIST_FILE = RetainCycle/Info.plist;
				INFOPLIST_KEY_UIApplicationSupportsIndirectInputEvents = YES;
				INFOPLIST_KEY_UILaunchStoryboardName = LaunchScreen;
				INFOPLIST_KEY_UIMainStoryboardFile = Main;
				INFOPLIST_KEY_UISupportedInterfaceOrientations_iPad = "UIInterfaceOrientationPortrait UIInterfaceOrientationPortraitUpsideDown UIInterfaceOrientationLandscapeLeft UIInterfaceOrientationLandscapeRight";
				INFOPLIST_KEY_UISupportedInterfaceOrientations_iPhone = "UIInterfaceOrientationPortrait UIInterfaceOrientationLandscapeLeft UIInterfaceOrientationLandscapeRight";
				LD_RUNPATH_SEARCH_PATHS = (
					"$(inherited)",
					"@executable_path/Frameworks",
				);
				MARKETING_VERSION = 1.0;
				PRODUCT_BUNDLE_IDENTIFIER = mertpalas.RetainCycle;
				PRODUCT_NAME = "$(TARGET_NAME)";
				SWIFT_EMIT_LOC_STRINGS = YES;
				SWIFT_VERSION = 5.0;
				TARGETED_DEVICE_FAMILY = "1,2";
			};
			name = Debug;
		};
		61FD64F92C99C0C9007444EC /* Release */ = {
			isa = XCBuildConfiguration;
			buildSettings = {
				ASSETCATALOG_COMPILER_APPICON_NAME = AppIcon;
				ASSETCATALOG_COMPILER_GLOBAL_ACCENT_COLOR_NAME = AccentColor;
				CODE_SIGN_STYLE = Automatic;
				CURRENT_PROJECT_VERSION = 1;
				DEVELOPMENT_TEAM = AAAFNRNQ43;
				GENERATE_INFOPLIST_FILE = YES;
				INFOPLIST_FILE = RetainCycle/Info.plist;
				INFOPLIST_KEY_UIApplicationSupportsIndirectInputEvents = YES;
				INFOPLIST_KEY_UILaunchStoryboardName = LaunchScreen;
				INFOPLIST_KEY_UIMainStoryboardFile = Main;
				INFOPLIST_KEY_UISupportedInterfaceOrientations_iPad = "UIInterfaceOrientationPortrait UIInterfaceOrientationPortraitUpsideDown UIInterfaceOrientationLandscapeLeft UIInterfaceOrientationLandscapeRight";
				INFOPLIST_KEY_UISupportedInterfaceOrientations_iPhone = "UIInterfaceOrientationPortrait UIInterfaceOrientationLandscapeLeft UIInterfaceOrientationLandscapeRight";
				LD_RUNPATH_SEARCH_PATHS = (
					"$(inherited)",
					"@executable_path/Frameworks",
				);
				MARKETING_VERSION = 1.0;
				PRODUCT_BUNDLE_IDENTIFIER = mertpalas.RetainCycle;
				PRODUCT_NAME = "$(TARGET_NAME)";
				SWIFT_EMIT_LOC_STRINGS = YES;
				SWIFT_VERSION = 5.0;
				TARGETED_DEVICE_FAMILY = "1,2";
			};
			name = Release;
		};
/* End XCBuildConfiguration section */

/* Begin XCConfigurationList section */
		61FD64DB2C99C0C7007444EC /* Build configuration list for PBXProject "RetainCycle" */ = {
			isa = XCConfigurationList;
			buildConfigurations = (
				61FD64F52C99C0C9007444EC /* Debug */,
				61FD64F62C99C0C9007444EC /* Release */,
			);
			defaultConfigurationIsVisible = 0;
			defaultConfigurationName = Release;
		};
		61FD64F72C99C0C9007444EC /* Build configuration list for PBXNativeTarget "RetainCycle" */ = {
			isa = XCConfigurationList;
			buildConfigurations = (
				61FD64F82C99C0C9007444EC /* Debug */,
				61FD64F92C99C0C9007444EC /* Release */,
			);
			defaultConfigurationIsVisible = 0;
			defaultConfigurationName = Release;
		};
/* End XCConfigurationList section */

/* Begin XCVersionGroup section */
		61FD64EC2C99C0C7007444EC /* RetainCycle.xcdatamodeld */ = {
			isa = XCVersionGroup;
			children = (
				61FD64ED2C99C0C7007444EC /* RetainCycle.xcdatamodel */,
			);
			currentVersion = 61FD64ED2C99C0C7007444EC /* RetainCycle.xcdatamodel */;
			path = RetainCycle.xcdatamodeld;
			sourceTree = "<group>";
			versionGroupType = wrapper.xcdatamodel;
		};
/* End XCVersionGroup section */
	};
	rootObject = 61FD64D82C99C0C7007444EC /* Project object */;
}
